
Microsoft Visual Studio Solution File, Format Version 12.00
# Visual Studio Version 17
VisualStudioVersion = 17.5.33414.496
MinimumVisualStudioVersion = 10.0.40219.1
Project("{FAE04EC0-301F-11D3-BF4B-00C04F79EFBC}") = "TopologicalDecompositionGraph", "TopologicalDecompositionGraph\TopologicalDecompositionGraph.csproj", "{D45227E6-8EB6-437B-A523-BA2583307799}"
EndProject
Global
	GlobalSection(SolutionConfigurationPlatforms) = preSolution
		Debug|Any CPU = Debug|Any CPU
		Release|Any CPU = Release|Any CPU
	EndGlobalSection
	GlobalSection(ProjectConfigurationPlatforms) = postSolution
		{D45227E6-8EB6-437B-A523-BA2583307799}.Debug|Any CPU.ActiveCfg = Debug|Any CPU
		{D45227E6-8EB6-437B-A523-BA2583307799}.Debug|Any CPU.Build.0 = Debug|Any CPU
		{D45227E6-8EB6-437B-A523-BA2583307799}.Release|Any CPU.ActiveCfg = Release|Any CPU
		{D45227E6-8EB6-437B-A523-BA2583307799}.Release|Any CPU.Build.0 = Release|Any CPU
	EndGlobalSection
	GlobalSection(SolutionProperties) = preSolution
		HideSolutionNode = FALSE
	EndGlobalSection
	GlobalSection(ExtensibilityGlobals) = postSolution
		SolutionGuid = {91527A0E-01AC-48B4-80DD-C29A5CD2FC28}
	EndGlobalSection
EndGlobal
