
Microsoft Visual Studio Solution File, Format Version 12.00
# Visual Studio Version 16
VisualStudioVersion = 16.0.33214.272
MinimumVisualStudioVersion = 10.0.40219.1
Project("{FAE04EC0-301F-11D3-BF4B-00C04F79EFBC}") = "SearchShortWayGraph", "SearchShortWayGraph\SearchShortWayGraph.csproj", "{0136E873-4965-4625-9A76-40F9FC254406}"
EndProject
Global
	GlobalSection(SolutionConfigurationPlatforms) = preSolution
		Debug|Any CPU = Debug|Any CPU
		Release|Any CPU = Release|Any CPU
	EndGlobalSection
	GlobalSection(ProjectConfigurationPlatforms) = postSolution
		{0136E873-4965-4625-9A76-40F9FC254406}.Debug|Any CPU.ActiveCfg = Debug|Any CPU
		{0136E873-4965-4625-9A76-40F9FC254406}.Debug|Any CPU.Build.0 = Debug|Any CPU
		{0136E873-4965-4625-9A76-40F9FC254406}.Release|Any CPU.ActiveCfg = Release|Any CPU
		{0136E873-4965-4625-9A76-40F9FC254406}.Release|Any CPU.Build.0 = Release|Any CPU
	EndGlobalSection
	GlobalSection(SolutionProperties) = preSolution
		HideSolutionNode = FALSE
	EndGlobalSection
	GlobalSection(ExtensibilityGlobals) = postSolution
		SolutionGuid = {694400A9-1A77-410A-A7B8-1DC3255C85E8}
	EndGlobalSection
EndGlobal
