
Microsoft Visual Studio Solution File, Format Version 12.00
# Visual Studio Version 17
VisualStudioVersion = 17.5.33414.496
MinimumVisualStudioVersion = 10.0.40219.1
Project("{FAE04EC0-301F-11D3-BF4B-00C04F79EFBC}") = "GraphStructureConnectivity", "GraphStructureConnectivity\GraphStructureConnectivity.csproj", "{BD25B47A-7D11-42C4-89A0-A7C9A022D381}"
EndProject
Global
	GlobalSection(SolutionConfigurationPlatforms) = preSolution
		Debug|Any CPU = Debug|Any CPU
		Release|Any CPU = Release|Any CPU
	EndGlobalSection
	GlobalSection(ProjectConfigurationPlatforms) = postSolution
		{BD25B47A-7D11-42C4-89A0-A7C9A022D381}.Debug|Any CPU.ActiveCfg = Debug|Any CPU
		{BD25B47A-7D11-42C4-89A0-A7C9A022D381}.Debug|Any CPU.Build.0 = Debug|Any CPU
		{BD25B47A-7D11-42C4-89A0-A7C9A022D381}.Release|Any CPU.ActiveCfg = Release|Any CPU
		{BD25B47A-7D11-42C4-89A0-A7C9A022D381}.Release|Any CPU.Build.0 = Release|Any CPU
	EndGlobalSection
	GlobalSection(SolutionProperties) = preSolution
		HideSolutionNode = FALSE
	EndGlobalSection
	GlobalSection(ExtensibilityGlobals) = postSolution
		SolutionGuid = {341924F0-9B76-437D-9611-618C28F92555}
	EndGlobalSection
EndGlobal
